{
  "name": "agentcode",
  "version": "1.0.0",
  "lockfileVersion": 3,
  "requires": true,
  "packages": {
    "": {
      "name": "agentcode",
      "version": "1.0.0",
      "license": "ISC",
      "dependencies": {
        "@lmliheng/ai_git": "^1.0.5"
      }
    },
    "node_modules/@lmliheng/ai_git": {
      "version": "1.0.7",
      "resolved": "https://registry.npmjs.org/@lmliheng/ai_git/-/ai_git-1.0.7.tgz",
      "integrity": "sha512-Kxe54K68AHY8En0rEQk+wHKc760tH5tCJdh3HJR6m81w4VWBhNt6cl3IxQAtgUjbDqzDqD5Ec+ZKqHO2aId9zg==",
      "license": "ISC"
    }
  }
}
