{
  "name": "agentcode",
  "version": "1.0.0",
  "lockfileVersion": 3,
  "requires": true,
  "packages": {
    "": {
      "name": "agentcode",
      "version": "1.0.0",
      "license": "ISC",
      "dependencies": {
        "@lmliheng/ai_git": "^1.0.7"
      }
    },
    "node_modules/@lmliheng/ai_git": {
      "version": "1.0.8",
      "resolved": "https://registry.npmjs.org/@lmliheng/ai_git/-/ai_git-1.0.8.tgz",
      "integrity": "sha512-5uxrhoYV2HHVSwx7NnWANtCwMQfskmEXe4tioNQWViwRSHxy+60NlxNNFbWhojg9A1j+Dp3bg8uP+e5t0Im4mg==",
      "license": "MIT"
    }
  }
}
